
Microsoft Visual Studio Solution File, Format Version 12.00
# Visual Studio 15
VisualStudioVersion = 15.0.28307.572
MinimumVisualStudioVersion = 10.0.40219.1
Project("{FAE04EC0-301F-11D3-BF4B-00C04F79EFBC}") = "Ideas-Fractal-Eventos-Hoteis", "Ideas-Fractal-Eventos-Hoteis\Ideas-Fractal-Eventos-Hoteis.csproj", "{3E864886-1C96-4054-A685-CE82D30D0D6E}"
EndProject
Global
	GlobalSection(SolutionConfigurationPlatforms) = preSolution
		Debug|Any CPU = Debug|Any CPU
		Release|Any CPU = Release|Any CPU
	EndGlobalSection
	GlobalSection(ProjectConfigurationPlatforms) = postSolution
		{3E864886-1C96-4054-A685-CE82D30D0D6E}.Debug|Any CPU.ActiveCfg = Debug|Any CPU
		{3E864886-1C96-4054-A685-CE82D30D0D6E}.Debug|Any CPU.Build.0 = Debug|Any CPU
		{3E864886-1C96-4054-A685-CE82D30D0D6E}.Release|Any CPU.ActiveCfg = Release|Any CPU
		{3E864886-1C96-4054-A685-CE82D30D0D6E}.Release|Any CPU.Build.0 = Release|Any CPU
	EndGlobalSection
	GlobalSection(SolutionProperties) = preSolution
		HideSolutionNode = FALSE
	EndGlobalSection
	GlobalSection(ExtensibilityGlobals) = postSolution
		SolutionGuid = {C1DAD250-9CF4-48BB-A964-0852A6F8CAD5}
	EndGlobalSection
EndGlobal
