
Microsoft Visual Studio Solution File, Format Version 12.00
# Visual Studio Version 16
VisualStudioVersion = 16.0.29215.179
MinimumVisualStudioVersion = 10.0.40219.1
Project("{2150E333-8FDC-42A3-9474-1A3956D46DE8}") = "Core", "Core", "{5C7902D6-9E79-4F3C-B01A-67F73F502A3F}"
EndProject
Project("{9A19103F-16F7-4668-BE54-9A1E7A4F7556}") = "Ideas.Eventos.Hoteis.Core", "Ideas.Eventos.Core\Ideas.Eventos.Hoteis.Core.csproj", "{35EF124C-4F5D-4231-8D07-78D689001027}"
EndProject
Project("{9A19103F-16F7-4668-BE54-9A1E7A4F7556}") = "Ideas.Eventos.Hoteis.Api", "Ideas.Eventos.Hoteis.Api\Ideas.Eventos.Hoteis.Api.csproj", "{3159ACEE-A853-4A68-956B-7C2D4A60D251}"
EndProject
Project("{2150E333-8FDC-42A3-9474-1A3956D46DE8}") = "Crawler", "Crawler", "{C2185673-3A69-43E0-AB75-750C2D5C9C4D}"
EndProject
Project("{9A19103F-16F7-4668-BE54-9A1E7A4F7556}") = "Ideas.Eventos.Hoteis.Crawler", "Ideas.Eventos.Hoteis.Crawler\Ideas.Eventos.Hoteis.Crawler.csproj", "{CCA4C3A3-3D31-4752-8603-AA2466E93F48}"
EndProject
Project("{2150E333-8FDC-42A3-9474-1A3956D46DE8}") = "Upload", "Upload", "{CE03D645-3EE7-48AA-9B54-F7CA344C5861}"
EndProject
Project("{FAE04EC0-301F-11D3-BF4B-00C04F79EFBC}") = "Ideas.Eventos.Hoteis.Upload", "Ideas.Eventos.Hoteis.Upload\Ideas.Eventos.Hoteis.Upload.csproj", "{D72FECDF-C101-485D-A11C-4E581E979D30}"
EndProject
Project("{2150E333-8FDC-42A3-9474-1A3956D46DE8}") = "Jobs", "Jobs", "{D48CCF82-5BA4-4E83-867D-5274B9A8519E}"
EndProject
Project("{FAE04EC0-301F-11D3-BF4B-00C04F79EFBC}") = "Ideas.Eventos.Hoteis.Jobs", "Ideas.Eventos.Hoteis.Jobs\Ideas.Eventos.Hoteis.Jobs.csproj", "{CE1EE869-0843-40C7-9D3B-EAE0C046ADEC}"
EndProject
Global
	GlobalSection(SolutionConfigurationPlatforms) = preSolution
		Debug|Any CPU = Debug|Any CPU
		Release|Any CPU = Release|Any CPU
	EndGlobalSection
	GlobalSection(ProjectConfigurationPlatforms) = postSolution
		{35EF124C-4F5D-4231-8D07-78D689001027}.Debug|Any CPU.ActiveCfg = Debug|Any CPU
		{35EF124C-4F5D-4231-8D07-78D689001027}.Debug|Any CPU.Build.0 = Debug|Any CPU
		{35EF124C-4F5D-4231-8D07-78D689001027}.Release|Any CPU.ActiveCfg = Release|Any CPU
		{35EF124C-4F5D-4231-8D07-78D689001027}.Release|Any CPU.Build.0 = Release|Any CPU
		{3159ACEE-A853-4A68-956B-7C2D4A60D251}.Debug|Any CPU.ActiveCfg = Debug|Any CPU
		{3159ACEE-A853-4A68-956B-7C2D4A60D251}.Debug|Any CPU.Build.0 = Debug|Any CPU
		{3159ACEE-A853-4A68-956B-7C2D4A60D251}.Release|Any CPU.ActiveCfg = Release|Any CPU
		{3159ACEE-A853-4A68-956B-7C2D4A60D251}.Release|Any CPU.Build.0 = Release|Any CPU
		{CCA4C3A3-3D31-4752-8603-AA2466E93F48}.Debug|Any CPU.ActiveCfg = Debug|Any CPU
		{CCA4C3A3-3D31-4752-8603-AA2466E93F48}.Debug|Any CPU.Build.0 = Debug|Any CPU
		{CCA4C3A3-3D31-4752-8603-AA2466E93F48}.Release|Any CPU.ActiveCfg = Release|Any CPU
		{CCA4C3A3-3D31-4752-8603-AA2466E93F48}.Release|Any CPU.Build.0 = Release|Any CPU
		{D72FECDF-C101-485D-A11C-4E581E979D30}.Debug|Any CPU.ActiveCfg = Debug|Any CPU
		{D72FECDF-C101-485D-A11C-4E581E979D30}.Debug|Any CPU.Build.0 = Debug|Any CPU
		{D72FECDF-C101-485D-A11C-4E581E979D30}.Release|Any CPU.ActiveCfg = Release|Any CPU
		{D72FECDF-C101-485D-A11C-4E581E979D30}.Release|Any CPU.Build.0 = Release|Any CPU
		{CE1EE869-0843-40C7-9D3B-EAE0C046ADEC}.Debug|Any CPU.ActiveCfg = Debug|Any CPU
		{CE1EE869-0843-40C7-9D3B-EAE0C046ADEC}.Debug|Any CPU.Build.0 = Debug|Any CPU
		{CE1EE869-0843-40C7-9D3B-EAE0C046ADEC}.Release|Any CPU.ActiveCfg = Release|Any CPU
		{CE1EE869-0843-40C7-9D3B-EAE0C046ADEC}.Release|Any CPU.Build.0 = Release|Any CPU
	EndGlobalSection
	GlobalSection(SolutionProperties) = preSolution
		HideSolutionNode = FALSE
	EndGlobalSection
	GlobalSection(NestedProjects) = preSolution
		{35EF124C-4F5D-4231-8D07-78D689001027} = {5C7902D6-9E79-4F3C-B01A-67F73F502A3F}
		{CCA4C3A3-3D31-4752-8603-AA2466E93F48} = {C2185673-3A69-43E0-AB75-750C2D5C9C4D}
		{D72FECDF-C101-485D-A11C-4E581E979D30} = {CE03D645-3EE7-48AA-9B54-F7CA344C5861}
		{CE1EE869-0843-40C7-9D3B-EAE0C046ADEC} = {D48CCF82-5BA4-4E83-867D-5274B9A8519E}
	EndGlobalSection
	GlobalSection(ExtensibilityGlobals) = postSolution
		SolutionGuid = {C1DAD250-9CF4-48BB-A964-0852A6F8CAD5}
	EndGlobalSection
EndGlobal
